
Microsoft Visual Studio Solution File, Format Version 12.00
# Visual Studio Version 17
VisualStudioVersion = 17.11.35303.130
MinimumVisualStudioVersion = 10.0.40219.1
Project("{FAE04EC0-301F-11D3-BF4B-00C04F79EFBC}") = "crupapp", "crupapp\crupapp.csproj", "{2BC28FA2-891F-478F-A5D3-410C48DF2C5A}"
EndProject
Global
	GlobalSection(SolutionConfigurationPlatforms) = preSolution
		Debug|Any CPU = Debug|Any CPU
		Release|Any CPU = Release|Any CPU
	EndGlobalSection
	GlobalSection(ProjectConfigurationPlatforms) = postSolution
		{2BC28FA2-891F-478F-A5D3-410C48DF2C5A}.Debug|Any CPU.ActiveCfg = Debug|Any CPU
		{2BC28FA2-891F-478F-A5D3-410C48DF2C5A}.Debug|Any CPU.Build.0 = Debug|Any CPU
		{2BC28FA2-891F-478F-A5D3-410C48DF2C5A}.Release|Any CPU.ActiveCfg = Release|Any CPU
		{2BC28FA2-891F-478F-A5D3-410C48DF2C5A}.Release|Any CPU.Build.0 = Release|Any CPU
	EndGlobalSection
	GlobalSection(SolutionProperties) = preSolution
		HideSolutionNode = FALSE
	EndGlobalSection
	GlobalSection(ExtensibilityGlobals) = postSolution
		SolutionGuid = {44441AE2-A66D-4F03-B2C7-15ECB320CAC7}
	EndGlobalSection
EndGlobal
